Microsoft Visual Studio Solution File, Format Version 9.00
# Visual Studio 2005
Project("{FAE04EC0-301F-11D3-BF4B-00C04F79EFBC}") = "ReloadContent", "ReloadContent\ReloadContent.csproj", "{ECF3A9B7-A55C-438C-8FB8-6F006417BB15}"
	ProjectSection(WebsiteProperties) = preProject
		Debug.AspNetCompiler.Debug = "True"
		Release.AspNetCompiler.Debug = "False"
	EndProjectSection
EndProject
Global
	GlobalSection(SolutionConfigurationPlatforms) = preSolution
		Debug|Any CPU = Debug|Any CPU
		Release|Any CPU = Release|Any CPU
	EndGlobalSection
	GlobalSection(ProjectConfigurationPlatforms) = postSolution
		{ECF3A9B7-A55C-438C-8FB8-6F006417BB15}.Debug|Any CPU.ActiveCfg = Debug|Any CPU
		{ECF3A9B7-A55C-438C-8FB8-6F006417BB15}.Debug|Any CPU.Build.0 = Debug|Any CPU
		{ECF3A9B7-A55C-438C-8FB8-6F006417BB15}.Release|Any CPU.ActiveCfg = Release|Any CPU
		{ECF3A9B7-A55C-438C-8FB8-6F006417BB15}.Release|Any CPU.Build.0 = Release|Any CPU
	EndGlobalSection
	GlobalSection(SolutionProperties) = preSolution
		HideSolutionNode = FALSE
	EndGlobalSection
EndGlobal
